
Microsoft Visual Studio Solution File, Format Version 12.00
# Visual Studio Version 17
VisualStudioVersion = 17.12.35527.113 d17.12
MinimumVisualStudioVersion = 10.0.40219.1
Project("{FAE04EC0-301F-11D3-BF4B-00C04F79EFBC}") = "Itm.Event.Api", "Itm.Event.Api\Itm.Event.Api.csproj", "{3F86B7DF-7E24-419D-BC23-0721ED8D62A1}"
EndProject
Project("{FAE04EC0-301F-11D3-BF4B-00C04F79EFBC}") = "Itm.Discount.Api", "Itm.Discount.Api\Itm.Discount.Api.csproj", "{EFB9C4BB-CA4E-4106-A884-7275016F94D9}"
EndProject
Project("{FAE04EC0-301F-11D3-BF4B-00C04F79EFBC}") = "Itm.Booking.Api", "Itm.Booking.Api\Itm.Booking.Api.csproj", "{4C340B4B-C5DC-4734-84CB-B3F1BB155CD5}"
EndProject
Project("{2150E333-8FDC-42A3-9474-1A3956D46DE8}") = "Elementos de la solución", "Elementos de la solución", "{729E8F2D-4283-48D2-8E19-2A40C611E7BE}"
	ProjectSection(SolutionItems) = preProject
		.gitignore = .gitignore
	EndProjectSection
EndProject
Global
	GlobalSection(SolutionConfigurationPlatforms) = preSolution
		Debug|Any CPU = Debug|Any CPU
		Release|Any CPU = Release|Any CPU
	EndGlobalSection
	GlobalSection(ProjectConfigurationPlatforms) = postSolution
		{3F86B7DF-7E24-419D-BC23-0721ED8D62A1}.Debug|Any CPU.ActiveCfg = Debug|Any CPU
		{3F86B7DF-7E24-419D-BC23-0721ED8D62A1}.Debug|Any CPU.Build.0 = Debug|Any CPU
		{3F86B7DF-7E24-419D-BC23-0721ED8D62A1}.Release|Any CPU.ActiveCfg = Release|Any CPU
		{3F86B7DF-7E24-419D-BC23-0721ED8D62A1}.Release|Any CPU.Build.0 = Release|Any CPU
		{EFB9C4BB-CA4E-4106-A884-7275016F94D9}.Debug|Any CPU.ActiveCfg = Debug|Any CPU
		{EFB9C4BB-CA4E-4106-A884-7275016F94D9}.Debug|Any CPU.Build.0 = Debug|Any CPU
		{EFB9C4BB-CA4E-4106-A884-7275016F94D9}.Release|Any CPU.ActiveCfg = Release|Any CPU
		{EFB9C4BB-CA4E-4106-A884-7275016F94D9}.Release|Any CPU.Build.0 = Release|Any CPU
		{4C340B4B-C5DC-4734-84CB-B3F1BB155CD5}.Debug|Any CPU.ActiveCfg = Debug|Any CPU
		{4C340B4B-C5DC-4734-84CB-B3F1BB155CD5}.Debug|Any CPU.Build.0 = Debug|Any CPU
		{4C340B4B-C5DC-4734-84CB-B3F1BB155CD5}.Release|Any CPU.ActiveCfg = Release|Any CPU
		{4C340B4B-C5DC-4734-84CB-B3F1BB155CD5}.Release|Any CPU.Build.0 = Release|Any CPU
	EndGlobalSection
	GlobalSection(SolutionProperties) = preSolution
		HideSolutionNode = FALSE
	EndGlobalSection
EndGlobal
